// !$*UTF8*$!
{
	archiveVersion = 1;
	classes = {
	};
	objectVersion = 48;
	objects = {

/* Begin PBXBuildFile section */
		0160740B0E472D8136F8A6F2 /* Pods_BicycleMap.framework in Frameworks */ = {isa = PBXBuildFile; fileRef = F8B6C4CE73275E8C2CBE7309 /* Pods_BicycleMap.framework */; };
		4ECAAF681FDBC11100C74351 /* AppDelegate.swift in Sources */ = {isa = PBXBuildFile; fileRef = 4ECAAF671FDBC11100C74351 /* AppDelegate.swift */; };
		4ECAAF6A1FDBC11100C74351 /* ViewController.swift in Sources */ = {isa = PBXBuildFile; fileRef = 4ECAAF691FDBC11100C74351 /* ViewController.swift */; };
		4ECAAF6D1FDBC11100C74351 /* Main.storyboard in Resources */ = {isa = PBXBuildFile; fileRef = 4ECAAF6B1FDBC11100C74351 /* Main.storyboard */; };
		4ECAAF701FDBC11100C74351 /* BicycleMap.xcdatamodeld in Sources */ = {isa = PBXBuildFile; fileRef = 4ECAAF6E1FDBC11100C74351 /* BicycleMap.xcdatamodeld */; };
		4ECAAF721FDBC11100C74351 /* Assets.xcassets in Resources */ = {isa = PBXBuildFile; fileRef = 4ECAAF711FDBC11100C74351 /* Assets.xcassets */; };
		4ECAAF751FDBC11100C74351 /* LaunchScreen.storyboard in Resources */ = {isa = PBXBuildFile; fileRef = 4ECAAF731FDBC11100C74351 /* LaunchScreen.storyboard */; };
		4ECAAF801FDC0B4100C74351 /* ApiGatewayMac.framework in Frameworks */ = {isa = PBXBuildFile; fileRef = 4ECAAF7F1FDC0B4100C74351 /* ApiGatewayMac.framework */; };
		4ECAAF811FDC0B4100C74351 /* ApiGatewayMac.framework in Embed Frameworks */ = {isa = PBXBuildFile; fileRef = 4ECAAF7F1FDC0B4100C74351 /* ApiGatewayMac.framework */; settings = {ATTRIBUTES = (CodeSignOnCopy, RemoveHeadersOnCopy, ); }; };
		4ECAAF901FDC13B900C74351 /* Scripts in Resources */ = {isa = PBXBuildFile; fileRef = 4ECAAF8F1FDC13B900C74351 /* Scripts */; };
		4ECAAF931FDC148A00C74351 /* NMapViewResources.swift in Sources */ = {isa = PBXBuildFile; fileRef = 4ECAAF921FDC148A00C74351 /* NMapViewResources.swift */; };
		4ECAAF951FDC151700C74351 /* ViewController+NMapDelegate.swift in Sources */ = {isa = PBXBuildFile; fileRef = 4ECAAF941FDC151700C74351 /* ViewController+NMapDelegate.swift */; };
		4ECAAF971FDD456600C74351 /* JejuRentalInfo.json in Resources */ = {isa = PBXBuildFile; fileRef = 4ECAAF961FDD456600C74351 /* JejuRentalInfo.json */; };
		4ECAAF9C1FDD517700C74351 /* Rental.swift in Sources */ = {isa = PBXBuildFile; fileRef = 4ECAAF9B1FDD517700C74351 /* Rental.swift */; };
		4ECAAFA41FDE55EB00C74351 /* RentalCollectionViewCell.swift in Sources */ = {isa = PBXBuildFile; fileRef = 4ECAAFA21FDE55EB00C74351 /* RentalCollectionViewCell.swift */; };
		4ECAAFA51FDE55EB00C74351 /* RentalCollectionViewCell.xib in Resources */ = {isa = PBXBuildFile; fileRef = 4ECAAFA31FDE55EB00C74351 /* RentalCollectionViewCell.xib */; };
		4ECAAFA71FDE57EC00C74351 /* ViewController+CollectionViewDelegate.swift in Sources */ = {isa = PBXBuildFile; fileRef = 4ECAAFA61FDE57EC00C74351 /* ViewController+CollectionViewDelegate.swift */; };
		4ECAAFA91FE39A4A00C74351 /* NMapViewerSDK.framework in Frameworks */ = {isa = PBXBuildFile; fileRef = 4ECAAFA81FE39A4A00C74351 /* NMapViewerSDK.framework */; };
		4ECAAFAF1FE401A600C74351 /* Certificationcenter.swift in Sources */ = {isa = PBXBuildFile; fileRef = 4ECAAFAE1FE401A600C74351 /* Certificationcenter.swift */; };
		4ECAAFB11FE4079C00C74351 /* Center.swift in Sources */ = {isa = PBXBuildFile; fileRef = 4ECAAFB01FE4079C00C74351 /* Center.swift */; };
		4ECAAFB31FE408C100C74351 /* CenterController.swift in Sources */ = {isa = PBXBuildFile; fileRef = 4ECAAFB21FE408C100C74351 /* CenterController.swift */; };
		FF26C9C71FE43E28001735E1 /* CertificateCenterInfo.json in Resources */ = {isa = PBXBuildFile; fileRef = FF26C9C61FE43E28001735E1 /* CertificateCenterInfo.json */; };
		FF26C9C91FE43E3C001735E1 /* CrawlerRentalInfo.json in Resources */ = {isa = PBXBuildFile; fileRef = FF26C9C81FE43E3C001735E1 /* CrawlerRentalInfo.json */; };
		FF26C9CB1FE43F0F001735E1 /* DetailViewController.swift in Sources */ = {isa = PBXBuildFile; fileRef = FF26C9CA1FE43F0F001735E1 /* DetailViewController.swift */; };
		FF26C9CD1FE43F3F001735E1 /* DetailStoryboard.storyboard in Resources */ = {isa = PBXBuildFile; fileRef = FF26C9CC1FE43F3F001735E1 /* DetailStoryboard.storyboard */; };
/* End PBXBuildFile section */

/* Begin PBXCopyFilesBuildPhase section */
		4ECAAF821FDC0B4100C74351 /* Embed Frameworks */ = {
			isa = PBXCopyFilesBuildPhase;
			buildActionMask = 2147483647;
			dstPath = "";
			dstSubfolderSpec = 10;
			files = (
				4ECAAF811FDC0B4100C74351 /* ApiGatewayMac.framework in Embed Frameworks */,
			);
			name = "Embed Frameworks";
			runOnlyForDeploymentPostprocessing = 0;
		};
/* End PBXCopyFilesBuildPhase section */

/* Begin PBXFileReference section */
		4058B1D823CE13C79B701686 /* Pods-BicycleMap.debug.xcconfig */ = {isa = PBXFileReference; includeInIndex = 1; lastKnownFileType = text.xcconfig; name = "Pods-BicycleMap.debug.xcconfig"; path = "Pods/Target Support Files/Pods-BicycleMap/Pods-BicycleMap.debug.xcconfig"; sourceTree = "<group>"; };
		4ECAAF641FDBC11100C74351 /* BicycleMap.app */ = {isa = PBXFileReference; explicitFileType = wrapper.application; includeInIndex = 0; path = BicycleMap.app; sourceTree = BUILT_PRODUCTS_DIR; };
		4ECAAF671FDBC11100C74351 /* AppDelegate.swift */ = {isa = PBXFileReference; lastKnownFileType = sourcecode.swift; path = AppDelegate.swift; sourceTree = "<group>"; };
		4ECAAF691FDBC11100C74351 /* ViewController.swift */ = {isa = PBXFileReference; lastKnownFileType = sourcecode.swift; path = ViewController.swift; sourceTree = "<group>"; };
		4ECAAF6C1FDBC11100C74351 /* Base */ = {isa = PBXFileReference; lastKnownFileType = file.storyboard; name = Base; path = Base.lproj/Main.storyboard; sourceTree = "<group>"; };
		4ECAAF6F1FDBC11100C74351 /* BicycleMap.xcdatamodel */ = {isa = PBXFileReference; lastKnownFileType = wrapper.xcdatamodel; path = BicycleMap.xcdatamodel; sourceTree = "<group>"; };
		4ECAAF711FDBC11100C74351 /* Assets.xcassets */ = {isa = PBXFileReference; lastKnownFileType = folder.assetcatalog; path = Assets.xcassets; sourceTree = "<group>"; };
		4ECAAF741FDBC11100C74351 /* Base */ = {isa = PBXFileReference; lastKnownFileType = file.storyboard; name = Base; path = Base.lproj/LaunchScreen.storyboard; sourceTree = "<group>"; };
		4ECAAF761FDBC11100C74351 /* Info.plist */ = {isa = PBXFileReference; lastKnownFileType = text.plist.xml; path = Info.plist; sourceTree = "<group>"; };
		4ECAAF7F1FDC0B4100C74351 /* ApiGatewayMac.framework */ = {isa = PBXFileReference; lastKnownFileType = wrapper.framework; path = ApiGatewayMac.framework; sourceTree = "<group>"; };
		4ECAAF8A1FDC111100C74351 /* BicycleMap-Header.h */ = {isa = PBXFileReference; lastKnownFileType = sourcecode.c.h; path = "BicycleMap-Header.h"; sourceTree = "<group>"; };
		4ECAAF8F1FDC13B900C74351 /* Scripts */ = {isa = PBXFileReference; lastKnownFileType = folder; path = Scripts; sourceTree = "<group>"; };
		4ECAAF921FDC148A00C74351 /* NMapViewResources.swift */ = {isa = PBXFileReference; lastKnownFileType = sourcecode.swift; path = NMapViewResources.swift; sourceTree = "<group>"; };
		4ECAAF941FDC151700C74351 /* ViewController+NMapDelegate.swift */ = {isa = PBXFileReference; lastKnownFileType = sourcecode.swift; path = "ViewController+NMapDelegate.swift"; sourceTree = "<group>"; };
		4ECAAF961FDD456600C74351 /* JejuRentalInfo.json */ = {isa = PBXFileReference; fileEncoding = 4; lastKnownFileType = text.json; path = JejuRentalInfo.json; sourceTree = "<group>"; };
		4ECAAF9B1FDD517700C74351 /* Rental.swift */ = {isa = PBXFileReference; lastKnownFileType = sourcecode.swift; path = Rental.swift; sourceTree = "<group>"; };
		4ECAAFA21FDE55EB00C74351 /* RentalCollectionViewCell.swift */ = {isa = PBXFileReference; lastKnownFileType = sourcecode.swift; path = RentalCollectionViewCell.swift; sourceTree = "<group>"; };
		4ECAAFA31FDE55EB00C74351 /* RentalCollectionViewCell.xib */ = {isa = PBXFileReference; lastKnownFileType = file.xib; path = RentalCollectionViewCell.xib; sourceTree = "<group>"; };
		4ECAAFA61FDE57EC00C74351 /* ViewController+CollectionViewDelegate.swift */ = {isa = PBXFileReference; lastKnownFileType = sourcecode.swift; path = "ViewController+CollectionViewDelegate.swift"; sourceTree = "<group>"; };
		4ECAAFA81FE39A4A00C74351 /* NMapViewerSDK.framework */ = {isa = PBXFileReference; lastKnownFileType = wrapper.framework; name = NMapViewerSDK.framework; path = "../../Desktop/maps.ios-master 2 오후 5.37.13/Frameworks/NMapViewerSDK.framework"; sourceTree = "<group>"; };
		4ECAAFAE1FE401A600C74351 /* Certificationcenter.swift */ = {isa = PBXFileReference; lastKnownFileType = sourcecode.swift; path = Certificationcenter.swift; sourceTree = "<group>"; };
		4ECAAFB01FE4079C00C74351 /* Center.swift */ = {isa = PBXFileReference; lastKnownFileType = sourcecode.swift; path = Center.swift; sourceTree = "<group>"; };
		4ECAAFB21FE408C100C74351 /* CenterController.swift */ = {isa = PBXFileReference; lastKnownFileType = sourcecode.swift; path = CenterController.swift; sourceTree = "<group>"; };
		94022CEA42C9D4D0FA600A10 /* Pods-BicycleMap.release.xcconfig */ = {isa = PBXFileReference; includeInIndex = 1; lastKnownFileType = text.xcconfig; name = "Pods-BicycleMap.release.xcconfig"; path = "Pods/Target Support Files/Pods-BicycleMap/Pods-BicycleMap.release.xcconfig"; sourceTree = "<group>"; };
		F8B6C4CE73275E8C2CBE7309 /* Pods_BicycleMap.framework */ = {isa = PBXFileReference; explicitFileType = wrapper.framework; includeInIndex = 0; path = Pods_BicycleMap.framework; sourceTree = BUILT_PRODUCTS_DIR; };
		FF26C9C61FE43E28001735E1 /* CertificateCenterInfo.json */ = {isa = PBXFileReference; fileEncoding = 4; lastKnownFileType = text.json; name = CertificateCenterInfo.json; path = ../../Downloads/CertificateCenterInfo.json; sourceTree = "<group>"; };
		FF26C9C81FE43E3C001735E1 /* CrawlerRentalInfo.json */ = {isa = PBXFileReference; fileEncoding = 4; lastKnownFileType = text.json; name = CrawlerRentalInfo.json; path = ../../Downloads/CrawlerRentalInfo.json; sourceTree = "<group>"; };
		FF26C9CA1FE43F0F001735E1 /* DetailViewController.swift */ = {isa = PBXFileReference; lastKnownFileType = sourcecode.swift; path = DetailViewController.swift; sourceTree = "<group>"; };
		FF26C9CC1FE43F3F001735E1 /* DetailStoryboard.storyboard */ = {isa = PBXFileReference; lastKnownFileType = file.storyboard; path = DetailStoryboard.storyboard; sourceTree = "<group>"; };
/* End PBXFileReference section */

/* Begin PBXFrameworksBuildPhase section */
		4ECAAF611FDBC11100C74351 /* Frameworks */ = {
			isa = PBXFrameworksBuildPhase;
			buildActionMask = 2147483647;
			files = (
				4ECAAFA91FE39A4A00C74351 /* NMapViewerSDK.framework in Frameworks */,
				4ECAAF801FDC0B4100C74351 /* ApiGatewayMac.framework in Frameworks */,
				0160740B0E472D8136F8A6F2 /* Pods_BicycleMap.framework in Frameworks */,
			);
			runOnlyForDeploymentPostprocessing = 0;
		};
/* End PBXFrameworksBuildPhase section */

/* Begin PBXGroup section */
		4ECAAF5B1FDBC11000C74351 = {
			isa = PBXGroup;
			children = (
				4ECAAF661FDBC11100C74351 /* BicycleMap */,
				4ECAAF651FDBC11100C74351 /* Products */,
				4ECAAF831FDC0B6700C74351 /* Frameworks */,
				5C3439F4F2C5B3F46AADF735 /* Pods */,
			);
			sourceTree = "<group>";
		};
		4ECAAF651FDBC11100C74351 /* Products */ = {
			isa = PBXGroup;
			children = (
				4ECAAF641FDBC11100C74351 /* BicycleMap.app */,
			);
			name = Products;
			sourceTree = "<group>";
		};
		4ECAAF661FDBC11100C74351 /* BicycleMap */ = {
			isa = PBXGroup;
			children = (
				4ECAAF8F1FDC13B900C74351 /* Scripts */,
				4ECAAF7E1FDBC7BA00C74351 /* Supporting Files */,
				4ECAAF7C1FDBC72900C74351 /* Resources */,
				4ECAAF981FDD513700C74351 /* Model */,
				4ECAAF9D1FDD578B00C74351 /* DataController */,
				4ECAAF691FDBC11100C74351 /* ViewController.swift */,
				4ECAAF941FDC151700C74351 /* ViewController+NMapDelegate.swift */,
				4ECAAFA61FDE57EC00C74351 /* ViewController+CollectionViewDelegate.swift */,
				4ECAAFA21FDE55EB00C74351 /* RentalCollectionViewCell.swift */,
				4ECAAF6B1FDBC11100C74351 /* Main.storyboard */,
				FF26C9CA1FE43F0F001735E1 /* DetailViewController.swift */,
				FF26C9CC1FE43F3F001735E1 /* DetailStoryboard.storyboard */,
				4ECAAFA31FDE55EB00C74351 /* RentalCollectionViewCell.xib */,
			);
			path = BicycleMap;
			sourceTree = "<group>";
		};
		4ECAAF7C1FDBC72900C74351 /* Resources */ = {
			isa = PBXGroup;
			children = (
				4ECAAF711FDBC11100C74351 /* Assets.xcassets */,
			);
			name = Resources;
			sourceTree = "<group>";
		};
		4ECAAF7E1FDBC7BA00C74351 /* Supporting Files */ = {
			isa = PBXGroup;
			children = (
				FF26C9C81FE43E3C001735E1 /* CrawlerRentalInfo.json */,
				FF26C9C61FE43E28001735E1 /* CertificateCenterInfo.json */,
				4ECAAF961FDD456600C74351 /* JejuRentalInfo.json */,
				4ECAAF731FDBC11100C74351 /* LaunchScreen.storyboard */,
				4ECAAF671FDBC11100C74351 /* AppDelegate.swift */,
				4ECAAF6E1FDBC11100C74351 /* BicycleMap.xcdatamodeld */,
				4ECAAF761FDBC11100C74351 /* Info.plist */,
				4ECAAF8A1FDC111100C74351 /* BicycleMap-Header.h */,
				4ECAAF921FDC148A00C74351 /* NMapViewResources.swift */,
			);
			name = "Supporting Files";
			sourceTree = "<group>";
		};
		4ECAAF831FDC0B6700C74351 /* Frameworks */ = {
			isa = PBXGroup;
			children = (
				4ECAAFA81FE39A4A00C74351 /* NMapViewerSDK.framework */,
				4ECAAF7F1FDC0B4100C74351 /* ApiGatewayMac.framework */,
				F8B6C4CE73275E8C2CBE7309 /* Pods_BicycleMap.framework */,
			);
			name = Frameworks;
			sourceTree = "<group>";
		};
		4ECAAF981FDD513700C74351 /* Model */ = {
			isa = PBXGroup;
			children = (
				4ECAAFB01FE4079C00C74351 /* Center.swift */,
				4ECAAF9B1FDD517700C74351 /* Rental.swift */,
				4ECAAFAE1FE401A600C74351 /* Certificationcenter.swift */,
			);
			name = Model;
			sourceTree = "<group>";
		};
		4ECAAF9D1FDD578B00C74351 /* DataController */ = {
			isa = PBXGroup;
			children = (
				4ECAAFB21FE408C100C74351 /* CenterController.swift */,
			);
			name = DataController;
			sourceTree = "<group>";
		};
		5C3439F4F2C5B3F46AADF735 /* Pods */ = {
			isa = PBXGroup;
			children = (
				4058B1D823CE13C79B701686 /* Pods-BicycleMap.debug.xcconfig */,
				94022CEA42C9D4D0FA600A10 /* Pods-BicycleMap.release.xcconfig */,
			);
			name = Pods;
			sourceTree = "<group>";
		};
/* End PBXGroup section */

/* Begin PBXNativeTarget section */
		4ECAAF631FDBC11100C74351 /* BicycleMap */ = {
			isa = PBXNativeTarget;
			buildConfigurationList = 4ECAAF791FDBC11100C74351 /* Build configuration list for PBXNativeTarget "BicycleMap" */;
			buildPhases = (
				8C16C8C73866FCE30CA1B63C /* [CP] Check Pods Manifest.lock */,
				4ECAAF601FDBC11100C74351 /* Sources */,
				4ECAAF611FDBC11100C74351 /* Frameworks */,
				4ECAAF621FDBC11100C74351 /* Resources */,
				4ECAAF821FDC0B4100C74351 /* Embed Frameworks */,
				4ECAAF881FDC0D0A00C74351 /* Run Script */,
				92408993DD8A32D351DB3BA1 /* [CP] Embed Pods Frameworks */,
				8B1AFCC256DD9E73C8CE26DD /* [CP] Copy Pods Resources */,
			);
			buildRules = (
			);
			dependencies = (
			);
			name = BicycleMap;
			productName = BicycleMap;
			productReference = 4ECAAF641FDBC11100C74351 /* BicycleMap.app */;
			productType = "com.apple.product-type.application";
		};
/* End PBXNativeTarget section */

/* Begin PBXProject section */
		4ECAAF5C1FDBC11000C74351 /* Project object */ = {
			isa = PBXProject;
			attributes = {
				LastSwiftUpdateCheck = 0910;
				LastUpgradeCheck = 0910;
				ORGANIZATIONNAME = "Seong ho Hong";
				TargetAttributes = {
					4ECAAF631FDBC11100C74351 = {
						CreatedOnToolsVersion = 9.1;
						ProvisioningStyle = Automatic;
					};
				};
			};
			buildConfigurationList = 4ECAAF5F1FDBC11000C74351 /* Build configuration list for PBXProject "BicycleMap" */;
			compatibilityVersion = "Xcode 8.0";
			developmentRegion = en;
			hasScannedForEncodings = 0;
			knownRegions = (
				en,
				Base,
			);
			mainGroup = 4ECAAF5B1FDBC11000C74351;
			productRefGroup = 4ECAAF651FDBC11100C74351 /* Products */;
			projectDirPath = "";
			projectRoot = "";
			targets = (
				4ECAAF631FDBC11100C74351 /* BicycleMap */,
			);
		};
/* End PBXProject section */

/* Begin PBXResourcesBuildPhase section */
		4ECAAF621FDBC11100C74351 /* Resources */ = {
			isa = PBXResourcesBuildPhase;
			buildActionMask = 2147483647;
			files = (
				4ECAAF751FDBC11100C74351 /* LaunchScreen.storyboard in Resources */,
				4ECAAF721FDBC11100C74351 /* Assets.xcassets in Resources */,
				FF26C9CD1FE43F3F001735E1 /* DetailStoryboard.storyboard in Resources */,
				4ECAAFA51FDE55EB00C74351 /* RentalCollectionViewCell.xib in Resources */,
				4ECAAF6D1FDBC11100C74351 /* Main.storyboard in Resources */,
				4ECAAF901FDC13B900C74351 /* Scripts in Resources */,
				4ECAAF971FDD456600C74351 /* JejuRentalInfo.json in Resources */,
				FF26C9C91FE43E3C001735E1 /* CrawlerRentalInfo.json in Resources */,
				FF26C9C71FE43E28001735E1 /* CertificateCenterInfo.json in Resources */,
			);
			runOnlyForDeploymentPostprocessing = 0;
		};
/* End PBXResourcesBuildPhase section */

/* Begin PBXShellScriptBuildPhase section */
		4ECAAF881FDC0D0A00C74351 /* Run Script */ = {
			isa = PBXShellScriptBuildPhase;
			buildActionMask = 2147483647;
			files = (
			);
			inputPaths = (
			);
			name = "Run Script";
			outputPaths = (
			);
			runOnlyForDeploymentPostprocessing = 0;
			shellPath = /bin/sh;
			shellScript = "/Users/danb/BicycleMap-Jeju/BicycleMap/Scripts/strip-frameworks.sh";
		};
		8B1AFCC256DD9E73C8CE26DD /* [CP] Copy Pods Resources */ = {
			isa = PBXShellScriptBuildPhase;
			buildActionMask = 2147483647;
			files = (
			);
			inputPaths = (
			);
			name = "[CP] Copy Pods Resources";
			outputPaths = (
			);
			runOnlyForDeploymentPostprocessing = 0;
			shellPath = /bin/sh;
			shellScript = "\"${SRCROOT}/Pods/Target Support Files/Pods-BicycleMap/Pods-BicycleMap-resources.sh\"\n";
			showEnvVarsInLog = 0;
		};
		8C16C8C73866FCE30CA1B63C /* [CP] Check Pods Manifest.lock */ = {
			isa = PBXShellScriptBuildPhase;
			buildActionMask = 2147483647;
			files = (
			);
			inputPaths = (
				"${PODS_PODFILE_DIR_PATH}/Podfile.lock",
				"${PODS_ROOT}/Manifest.lock",
			);
			name = "[CP] Check Pods Manifest.lock";
			outputPaths = (
				"$(DERIVED_FILE_DIR)/Pods-BicycleMap-checkManifestLockResult.txt",
			);
			runOnlyForDeploymentPostprocessing = 0;
			shellPath = /bin/sh;
			shellScript = "diff \"${PODS_PODFILE_DIR_PATH}/Podfile.lock\" \"${PODS_ROOT}/Manifest.lock\" > /dev/null\nif [ $? != 0 ] ; then\n    # print error to STDERR\n    echo \"error: The sandbox is not in sync with the Podfile.lock. Run 'pod install' or update your CocoaPods installation.\" >&2\n    exit 1\nfi\n# This output is used by Xcode 'outputs' to avoid re-running this script phase.\necho \"SUCCESS\" > \"${SCRIPT_OUTPUT_FILE_0}\"\n";
			showEnvVarsInLog = 0;
		};
		92408993DD8A32D351DB3BA1 /* [CP] Embed Pods Frameworks */ = {
			isa = PBXShellScriptBuildPhase;
			buildActionMask = 2147483647;
			files = (
			);
			inputPaths = (
				"${SRCROOT}/Pods/Target Support Files/Pods-BicycleMap/Pods-BicycleMap-frameworks.sh",
				"${BUILT_PRODUCTS_DIR}/SwiftyJSON/SwiftyJSON.framework",
			);
			name = "[CP] Embed Pods Frameworks";
			outputPaths = (
				"${TARGET_BUILD_DIR}/${FRAMEWORKS_FOLDER_PATH}/SwiftyJSON.framework",
			);
			runOnlyForDeploymentPostprocessing = 0;
			shellPath = /bin/sh;
			shellScript = "\"${SRCROOT}/Pods/Target Support Files/Pods-BicycleMap/Pods-BicycleMap-frameworks.sh\"\n";
			showEnvVarsInLog = 0;
		};
/* End PBXShellScriptBuildPhase section */

/* Begin PBXSourcesBuildPhase section */
		4ECAAF601FDBC11100C74351 /* Sources */ = {
			isa = PBXSourcesBuildPhase;
			buildActionMask = 2147483647;
			files = (
				4ECAAFB11FE4079C00C74351 /* Center.swift in Sources */,
				4ECAAF931FDC148A00C74351 /* NMapViewResources.swift in Sources */,
				4ECAAFB31FE408C100C74351 /* CenterController.swift in Sources */,
				FF26C9CB1FE43F0F001735E1 /* DetailViewController.swift in Sources */,
				4ECAAF951FDC151700C74351 /* ViewController+NMapDelegate.swift in Sources */,
				4ECAAF6A1FDBC11100C74351 /* ViewController.swift in Sources */,
				4ECAAF681FDBC11100C74351 /* AppDelegate.swift in Sources */,
				4ECAAFAF1FE401A600C74351 /* Certificationcenter.swift in Sources */,
				4ECAAF701FDBC11100C74351 /* BicycleMap.xcdatamodeld in Sources */,
				4ECAAFA71FDE57EC00C74351 /* ViewController+CollectionViewDelegate.swift in Sources */,
				4ECAAFA41FDE55EB00C74351 /* RentalCollectionViewCell.swift in Sources */,
				4ECAAF9C1FDD517700C74351 /* Rental.swift in Sources */,
			);
			runOnlyForDeploymentPostprocessing = 0;
		};
/* End PBXSourcesBuildPhase section */

/* Begin PBXVariantGroup section */
		4ECAAF6B1FDBC11100C74351 /* Main.storyboard */ = {
			isa = PBXVariantGroup;
			children = (
				4ECAAF6C1FDBC11100C74351 /* Base */,
			);
			name = Main.storyboard;
			sourceTree = "<group>";
		};
		4ECAAF731FDBC11100C74351 /* LaunchScreen.storyboard */ = {
			isa = PBXVariantGroup;
			children = (
				4ECAAF741FDBC11100C74351 /* Base */,
			);
			name = LaunchScreen.storyboard;
			sourceTree = "<group>";
		};
/* End PBXVariantGroup section */

/* Begin XCBuildConfiguration section */
		4ECAAF771FDBC11100C74351 /* Debug */ = {
			isa = XCBuildConfiguration;
			buildSettings = {
				ALWAYS_SEARCH_USER_PATHS = NO;
				CLANG_ANALYZER_NONNULL = YES;
				CLANG_ANALYZER_NUMBER_OBJECT_CONVERSION = YES_AGGRESSIVE;
				CLANG_CXX_LANGUAGE_STANDARD = "gnu++14";
				CLANG_CXX_LIBRARY = "libc++";
				CLANG_ENABLE_MODULES = YES;
				CLANG_ENABLE_OBJC_ARC = YES;
				CLANG_WARN_BLOCK_CAPTURE_AUTORELEASING = YES;
				CLANG_WARN_BOOL_CONVERSION = YES;
				CLANG_WARN_COMMA = YES;
				CLANG_WARN_CONSTANT_CONVERSION = YES;
				CLANG_WARN_DIRECT_OBJC_ISA_USAGE = YES_ERROR;
				CLANG_WARN_DOCUMENTATION_COMMENTS = YES;
				CLANG_WARN_EMPTY_BODY = YES;
				CLANG_WARN_ENUM_CONVERSION = YES;
				CLANG_WARN_INFINITE_RECURSION = YES;
				CLANG_WARN_INT_CONVERSION = YES;
				CLANG_WARN_NON_LITERAL_NULL_CONVERSION = YES;
				CLANG_WARN_OBJC_LITERAL_CONVERSION = YES;
				CLANG_WARN_OBJC_ROOT_CLASS = YES_ERROR;
				CLANG_WARN_RANGE_LOOP_ANALYSIS = YES;
				CLANG_WARN_STRICT_PROTOTYPES = YES;
				CLANG_WARN_SUSPICIOUS_MOVE = YES;
				CLANG_WARN_UNGUARDED_AVAILABILITY = YES_AGGRESSIVE;
				CLANG_WARN_UNREACHABLE_CODE = YES;
				CLANG_WARN__DUPLICATE_METHOD_MATCH = YES;
				CODE_SIGN_IDENTITY = "iPhone Developer";
				COPY_PHASE_STRIP = NO;
				DEBUG_INFORMATION_FORMAT = dwarf;
				ENABLE_STRICT_OBJC_MSGSEND = YES;
				ENABLE_TESTABILITY = YES;
				GCC_C_LANGUAGE_STANDARD = gnu11;
				GCC_DYNAMIC_NO_PIC = NO;
				GCC_NO_COMMON_BLOCKS = YES;
				GCC_OPTIMIZATION_LEVEL = 0;
				GCC_PREPROCESSOR_DEFINITIONS = (
					"DEBUG=1",
					"$(inherited)",
				);
				GCC_WARN_64_TO_32_BIT_CONVERSION = YES;
				GCC_WARN_ABOUT_RETURN_TYPE = YES_ERROR;
				GCC_WARN_UNDECLARED_SELECTOR = YES;
				GCC_WARN_UNINITIALIZED_AUTOS = YES_AGGRESSIVE;
				GCC_WARN_UNUSED_FUNCTION = YES;
				GCC_WARN_UNUSED_VARIABLE = YES;
				IPHONEOS_DEPLOYMENT_TARGET = 11.1;
				MTL_ENABLE_DEBUG_INFO = YES;
				ONLY_ACTIVE_ARCH = YES;
				SDKROOT = iphoneos;
				SWIFT_ACTIVE_COMPILATION_CONDITIONS = DEBUG;
				SWIFT_OPTIMIZATION_LEVEL = "-Onone";
			};
			name = Debug;
		};
		4ECAAF781FDBC11100C74351 /* Release */ = {
			isa = XCBuildConfiguration;
			buildSettings = {
				ALWAYS_SEARCH_USER_PATHS = NO;
				CLANG_ANALYZER_NONNULL = YES;
				CLANG_ANALYZER_NUMBER_OBJECT_CONVERSION = YES_AGGRESSIVE;
				CLANG_CXX_LANGUAGE_STANDARD = "gnu++14";
				CLANG_CXX_LIBRARY = "libc++";
				CLANG_ENABLE_MODULES = YES;
				CLANG_ENABLE_OBJC_ARC = YES;
				CLANG_WARN_BLOCK_CAPTURE_AUTORELEASING = YES;
				CLANG_WARN_BOOL_CONVERSION = YES;
				CLANG_WARN_COMMA = YES;
				CLANG_WARN_CONSTANT_CONVERSION = YES;
				CLANG_WARN_DIRECT_OBJC_ISA_USAGE = YES_ERROR;
				CLANG_WARN_DOCUMENTATION_COMMENTS = YES;
				CLANG_WARN_EMPTY_BODY = YES;
				CLANG_WARN_ENUM_CONVERSION = YES;
				CLANG_WARN_INFINITE_RECURSION = YES;
				CLANG_WARN_INT_CONVERSION = YES;
				CLANG_WARN_NON_LITERAL_NULL_CONVERSION = YES;
				CLANG_WARN_OBJC_LITERAL_CONVERSION = YES;
				CLANG_WARN_OBJC_ROOT_CLASS = YES_ERROR;
				CLANG_WARN_RANGE_LOOP_ANALYSIS = YES;
				CLANG_WARN_STRICT_PROTOTYPES = YES;
				CLANG_WARN_SUSPICIOUS_MOVE = YES;
				CLANG_WARN_UNGUARDED_AVAILABILITY = YES_AGGRESSIVE;
				CLANG_WARN_UNREACHABLE_CODE = YES;
				CLANG_WARN__DUPLICATE_METHOD_MATCH = YES;
				CODE_SIGN_IDENTITY = "iPhone Developer";
				COPY_PHASE_STRIP = NO;
				DEBUG_INFORMATION_FORMAT = "dwarf-with-dsym";
				ENABLE_NS_ASSERTIONS = NO;
				ENABLE_STRICT_OBJC_MSGSEND = YES;
				GCC_C_LANGUAGE_STANDARD = gnu11;
				GCC_NO_COMMON_BLOCKS = YES;
				GCC_WARN_64_TO_32_BIT_CONVERSION = YES;
				GCC_WARN_ABOUT_RETURN_TYPE = YES_ERROR;
				GCC_WARN_UNDECLARED_SELECTOR = YES;
				GCC_WARN_UNINITIALIZED_AUTOS = YES_AGGRESSIVE;
				GCC_WARN_UNUSED_FUNCTION = YES;
				GCC_WARN_UNUSED_VARIABLE = YES;
				IPHONEOS_DEPLOYMENT_TARGET = 11.1;
				MTL_ENABLE_DEBUG_INFO = NO;
				SDKROOT = iphoneos;
				SWIFT_OPTIMIZATION_LEVEL = "-Owholemodule";
				VALIDATE_PRODUCT = YES;
			};
			name = Release;
		};
		4ECAAF7A1FDBC11100C74351 /* Debug */ = {
			isa = XCBuildConfiguration;
			baseConfigurationReference = 4058B1D823CE13C79B701686 /* Pods-BicycleMap.debug.xcconfig */;
			buildSettings = {
				ASSETCATALOG_COMPILER_APPICON_NAME = AppIcon;
				CODE_SIGN_STYLE = Automatic;
				DEVELOPMENT_TEAM = Y4TX5PVNK4;
				FRAMEWORK_SEARCH_PATHS = (
					"$(inherited)",
					"$(PROJECT_DIR)",
					"\"$(SRCROOT)/../../Desktop/maps.ios-master 2 오후 5.37.13/Frameworks\"",
					"\"$(SRCROOT)/../maps.ios/Frameworks\"",
				);
				INFOPLIST_FILE = BicycleMap/Info.plist;
				LD_RUNPATH_SEARCH_PATHS = "$(inherited) @executable_path/Frameworks";
				OTHER_LDFLAGS = (
					"-ObjC",
					"-lxml2",
				);
				"OTHER_LDFLAGS[arch=*]" = (
					"-ObjC",
					"-lxml2",
				);
				PRODUCT_BUNDLE_IDENTIFIER = io.github.grohong.BicycleMap;
				PRODUCT_NAME = "$(TARGET_NAME)";
				SWIFT_OBJC_BRIDGING_HEADER = "/Users/danb/BicycleMap-Jeju/BicycleMap/BicycleMap-Header.h";
				SWIFT_VERSION = 4.0;
				TARGETED_DEVICE_FAMILY = "1,2";
			};
			name = Debug;
		};
		4ECAAF7B1FDBC11100C74351 /* Release */ = {
			isa = XCBuildConfiguration;
			baseConfigurationReference = 94022CEA42C9D4D0FA600A10 /* Pods-BicycleMap.release.xcconfig */;
			buildSettings = {
				ASSETCATALOG_COMPILER_APPICON_NAME = AppIcon;
				CODE_SIGN_STYLE = Automatic;
				DEVELOPMENT_TEAM = Y4TX5PVNK4;
				FRAMEWORK_SEARCH_PATHS = (
					"$(inherited)",
					"$(PROJECT_DIR)",
					"\"$(SRCROOT)/../../Desktop/maps.ios-master 2 오후 5.37.13/Frameworks\"",
					"\"$(SRCROOT)/../maps.ios/Frameworks\"",
				);
				INFOPLIST_FILE = BicycleMap/Info.plist;
				LD_RUNPATH_SEARCH_PATHS = "$(inherited) @executable_path/Frameworks";
				OTHER_LDFLAGS = (
					"-ObjC",
					"-lxml2",
				);
				PRODUCT_BUNDLE_IDENTIFIER = io.github.grohong.BicycleMap;
				PRODUCT_NAME = "$(TARGET_NAME)";
				SWIFT_OBJC_BRIDGING_HEADER = "/Users/danb/BicycleMap-Jeju/BicycleMap/BicycleMap-Header.h";
				SWIFT_VERSION = 4.0;
				TARGETED_DEVICE_FAMILY = "1,2";
			};
			name = Release;
		};
/* End XCBuildConfiguration section */

/* Begin XCConfigurationList section */
		4ECAAF5F1FDBC11000C74351 /* Build configuration list for PBXProject "BicycleMap" */ = {
			isa = XCConfigurationList;
			buildConfigurations = (
				4ECAAF771FDBC11100C74351 /* Debug */,
				4ECAAF781FDBC11100C74351 /* Release */,
			);
			defaultConfigurationIsVisible = 0;
			defaultConfigurationName = Release;
		};
		4ECAAF791FDBC11100C74351 /* Build configuration list for PBXNativeTarget "BicycleMap" */ = {
			isa = XCConfigurationList;
			buildConfigurations = (
				4ECAAF7A1FDBC11100C74351 /* Debug */,
				4ECAAF7B1FDBC11100C74351 /* Release */,
			);
			defaultConfigurationIsVisible = 0;
			defaultConfigurationName = Release;
		};
/* End XCConfigurationList section */

/* Begin XCVersionGroup section */
		4ECAAF6E1FDBC11100C74351 /* BicycleMap.xcdatamodeld */ = {
			isa = XCVersionGroup;
			children = (
				4ECAAF6F1FDBC11100C74351 /* BicycleMap.xcdatamodel */,
			);
			currentVersion = 4ECAAF6F1FDBC11100C74351 /* BicycleMap.xcdatamodel */;
			path = BicycleMap.xcdatamodeld;
			sourceTree = "<group>";
			versionGroupType = wrapper.xcdatamodel;
		};
/* End XCVersionGroup section */
	};
	rootObject = 4ECAAF5C1FDBC11000C74351 /* Project object */;
}
